
Microsoft Visual Studio Solution File, Format Version 12.00
# Visual Studio Version 16
VisualStudioVersion = 16.0.28729.10
MinimumVisualStudioVersion = 10.0.40219.1
Project("{778DAE3C-4631-46EA-AA77-85C1314464D9}") = "1_01.variables_consola", "1_01.variables_consola\1_01.variables_consola.vbproj", "{B46C3E93-C812-4004-9BEA-C151D7AC7590}"
EndProject
Project("{778DAE3C-4631-46EA-AA77-85C1314464D9}") = "1_02.variables_tipos", "1_02.variables_tipos\1_02.variables_tipos.vbproj", "{F7892355-3AB5-4B2C-A0BE-6B32EE4BE32B}"
EndProject
Project("{778DAE3C-4631-46EA-AA77-85C1314464D9}") = "1_03.concatenacion", "1_03.concatenacion\1_03.concatenacion.vbproj", "{2C381652-08C8-48EB-B962-CB80668B7B97}"
EndProject
Project("{778DAE3C-4631-46EA-AA77-85C1314464D9}") = "1_04.aritmetica", "1_04.aritmetica\1_04.aritmetica.vbproj", "{040F856B-42C9-40C5-8601-BE87D2C66C61}"
EndProject
Project("{778DAE3C-4631-46EA-AA77-85C1314464D9}") = "1_05.cuadratica", "1_05.cuadratica\1_05.cuadratica.vbproj", "{A8E3BCF8-96D6-41DE-97B1-630B0C50567B}"
EndProject
Project("{778DAE3C-4631-46EA-AA77-85C1314464D9}") = "1_06.suma_promedio", "1_06.suma_promedio\1_06.suma_promedio.vbproj", "{0A18389C-40A3-4D50-A744-D7204D25796C}"
EndProject
Project("{778DAE3C-4631-46EA-AA77-85C1314464D9}") = "1_07.equivalencia_dias", "1_07.equivalencia_dias\1_07.equivalencia_dias.vbproj", "{97CE5A10-E05D-49C5-B611-31DE6F1C5DA4}"
EndProject
Project("{778DAE3C-4631-46EA-AA77-85C1314464D9}") = "1_08.Tabla_booleana", "1_08.Tabla_booleana\1_08.Tabla_booleana.vbproj", "{9E3BBDF4-F1AE-4B80-B063-E5D4135DAE44}"
EndProject
Project("{778DAE3C-4631-46EA-AA77-85C1314464D9}") = "1_09.Interes", "1_09.Interes\1_09.Interes.vbproj", "{A5F9BBF0-D057-4DA9-8765-2A72894EA3D7}"
EndProject
Project("{778DAE3C-4631-46EA-AA77-85C1314464D9}") = "1_10.Resto_division", "1_10.Resto_division\1_10.Resto_division.vbproj", "{A313358C-F144-4DAD-814F-59B62A94FF80}"
EndProject
Project("{778DAE3C-4631-46EA-AA77-85C1314464D9}") = "1_11.Matematica1", "1_11.Matematica1\1_11.Matematica1.vbproj", "{95A6E15E-51D4-40A0-B464-FEC26B52504E}"
EndProject
Project("{778DAE3C-4631-46EA-AA77-85C1314464D9}") = "1_12.Redondeo", "1_12.Redondeo\1_12.Redondeo.vbproj", "{752FF95A-5603-4328-9930-1759E73C756D}"
EndProject
Project("{778DAE3C-4631-46EA-AA77-85C1314464D9}") = "1_13.Mayor", "1_13.Mayor\1_13.Mayor.vbproj", "{C078B2A1-F0E0-476D-BC6B-AD665B875F54}"
EndProject
Project("{F184B08F-C81C-45F6-A57F-5ABD9991F28F}") = "1_14.Cadenas1", "1_14.Cadenas1\1_14.Cadenas1.vbproj", "{720F9D62-FA23-4AFE-ADE5-3EB831B19FBF}"
EndProject
Project("{F184B08F-C81C-45F6-A57F-5ABD9991F28F}") = "1_15.Refrase", "1_15.Refrase\1_15.Refrase.vbproj", "{A4C42754-763E-441E-A23D-926DEF37CF64}"
EndProject
Project("{778DAE3C-4631-46EA-AA77-85C1314464D9}") = "1_16.Reloj", "1_16.Reloj\1_16.Reloj.vbproj", "{80352FC1-7F1C-46F8-A8C8-CD56796C2F1A}"
EndProject
Project("{778DAE3C-4631-46EA-AA77-85C1314464D9}") = "1_17.Ajustar_reloj", "1_17.Ajustar_reloj\1_17.Ajustar_reloj.vbproj", "{89F27BFF-5F15-4A3E-AA3D-BE8DB1AF80C8}"
EndProject
Project("{778DAE3C-4631-46EA-AA77-85C1314464D9}") = "1_18.Nueva_fecha", "1_18.Nueva_fecha\1_18.Nueva_fecha.vbproj", "{922CA20A-E5FE-49A7-931A-E457599CFE4B}"
EndProject
Project("{F184B08F-C81C-45F6-A57F-5ABD9991F28F}") = "1_19.dias", "1_19.dias\1_19.dias.vbproj", "{C6A842C3-BF07-4EF5-814B-52EA06F0F320}"
EndProject
Global
	GlobalSection(SolutionConfigurationPlatforms) = preSolution
		Debug|Any CPU = Debug|Any CPU
		Release|Any CPU = Release|Any CPU
	EndGlobalSection
	GlobalSection(ProjectConfigurationPlatforms) = postSolution
		{B46C3E93-C812-4004-9BEA-C151D7AC7590}.Debug|Any CPU.ActiveCfg = Debug|Any CPU
		{B46C3E93-C812-4004-9BEA-C151D7AC7590}.Debug|Any CPU.Build.0 = Debug|Any CPU
		{B46C3E93-C812-4004-9BEA-C151D7AC7590}.Release|Any CPU.ActiveCfg = Release|Any CPU
		{B46C3E93-C812-4004-9BEA-C151D7AC7590}.Release|Any CPU.Build.0 = Release|Any CPU
		{F7892355-3AB5-4B2C-A0BE-6B32EE4BE32B}.Debug|Any CPU.ActiveCfg = Debug|Any CPU
		{F7892355-3AB5-4B2C-A0BE-6B32EE4BE32B}.Debug|Any CPU.Build.0 = Debug|Any CPU
		{F7892355-3AB5-4B2C-A0BE-6B32EE4BE32B}.Release|Any CPU.ActiveCfg = Release|Any CPU
		{F7892355-3AB5-4B2C-A0BE-6B32EE4BE32B}.Release|Any CPU.Build.0 = Release|Any CPU
		{2C381652-08C8-48EB-B962-CB80668B7B97}.Debug|Any CPU.ActiveCfg = Debug|Any CPU
		{2C381652-08C8-48EB-B962-CB80668B7B97}.Debug|Any CPU.Build.0 = Debug|Any CPU
		{2C381652-08C8-48EB-B962-CB80668B7B97}.Release|Any CPU.ActiveCfg = Release|Any CPU
		{2C381652-08C8-48EB-B962-CB80668B7B97}.Release|Any CPU.Build.0 = Release|Any CPU
		{040F856B-42C9-40C5-8601-BE87D2C66C61}.Debug|Any CPU.ActiveCfg = Debug|Any CPU
		{040F856B-42C9-40C5-8601-BE87D2C66C61}.Debug|Any CPU.Build.0 = Debug|Any CPU
		{040F856B-42C9-40C5-8601-BE87D2C66C61}.Release|Any CPU.ActiveCfg = Release|Any CPU
		{040F856B-42C9-40C5-8601-BE87D2C66C61}.Release|Any CPU.Build.0 = Release|Any CPU
		{A8E3BCF8-96D6-41DE-97B1-630B0C50567B}.Debug|Any CPU.ActiveCfg = Debug|Any CPU
		{A8E3BCF8-96D6-41DE-97B1-630B0C50567B}.Debug|Any CPU.Build.0 = Debug|Any CPU
		{A8E3BCF8-96D6-41DE-97B1-630B0C50567B}.Release|Any CPU.ActiveCfg = Release|Any CPU
		{A8E3BCF8-96D6-41DE-97B1-630B0C50567B}.Release|Any CPU.Build.0 = Release|Any CPU
		{0A18389C-40A3-4D50-A744-D7204D25796C}.Debug|Any CPU.ActiveCfg = Debug|Any CPU
		{0A18389C-40A3-4D50-A744-D7204D25796C}.Debug|Any CPU.Build.0 = Debug|Any CPU
		{0A18389C-40A3-4D50-A744-D7204D25796C}.Release|Any CPU.ActiveCfg = Release|Any CPU
		{0A18389C-40A3-4D50-A744-D7204D25796C}.Release|Any CPU.Build.0 = Release|Any CPU
		{97CE5A10-E05D-49C5-B611-31DE6F1C5DA4}.Debug|Any CPU.ActiveCfg = Debug|Any CPU
		{97CE5A10-E05D-49C5-B611-31DE6F1C5DA4}.Debug|Any CPU.Build.0 = Debug|Any CPU
		{97CE5A10-E05D-49C5-B611-31DE6F1C5DA4}.Release|Any CPU.ActiveCfg = Release|Any CPU
		{97CE5A10-E05D-49C5-B611-31DE6F1C5DA4}.Release|Any CPU.Build.0 = Release|Any CPU
		{9E3BBDF4-F1AE-4B80-B063-E5D4135DAE44}.Debug|Any CPU.ActiveCfg = Debug|Any CPU
		{9E3BBDF4-F1AE-4B80-B063-E5D4135DAE44}.Debug|Any CPU.Build.0 = Debug|Any CPU
		{9E3BBDF4-F1AE-4B80-B063-E5D4135DAE44}.Release|Any CPU.ActiveCfg = Release|Any CPU
		{9E3BBDF4-F1AE-4B80-B063-E5D4135DAE44}.Release|Any CPU.Build.0 = Release|Any CPU
		{A5F9BBF0-D057-4DA9-8765-2A72894EA3D7}.Debug|Any CPU.ActiveCfg = Debug|Any CPU
		{A5F9BBF0-D057-4DA9-8765-2A72894EA3D7}.Debug|Any CPU.Build.0 = Debug|Any CPU
		{A5F9BBF0-D057-4DA9-8765-2A72894EA3D7}.Release|Any CPU.ActiveCfg = Release|Any CPU
		{A5F9BBF0-D057-4DA9-8765-2A72894EA3D7}.Release|Any CPU.Build.0 = Release|Any CPU
		{A313358C-F144-4DAD-814F-59B62A94FF80}.Debug|Any CPU.ActiveCfg = Debug|Any CPU
		{A313358C-F144-4DAD-814F-59B62A94FF80}.Debug|Any CPU.Build.0 = Debug|Any CPU
		{A313358C-F144-4DAD-814F-59B62A94FF80}.Release|Any CPU.ActiveCfg = Release|Any CPU
		{A313358C-F144-4DAD-814F-59B62A94FF80}.Release|Any CPU.Build.0 = Release|Any CPU
		{95A6E15E-51D4-40A0-B464-FEC26B52504E}.Debug|Any CPU.ActiveCfg = Debug|Any CPU
		{95A6E15E-51D4-40A0-B464-FEC26B52504E}.Debug|Any CPU.Build.0 = Debug|Any CPU
		{95A6E15E-51D4-40A0-B464-FEC26B52504E}.Release|Any CPU.ActiveCfg = Release|Any CPU
		{95A6E15E-51D4-40A0-B464-FEC26B52504E}.Release|Any CPU.Build.0 = Release|Any CPU
		{752FF95A-5603-4328-9930-1759E73C756D}.Debug|Any CPU.ActiveCfg = Debug|Any CPU
		{752FF95A-5603-4328-9930-1759E73C756D}.Debug|Any CPU.Build.0 = Debug|Any CPU
		{752FF95A-5603-4328-9930-1759E73C756D}.Release|Any CPU.ActiveCfg = Release|Any CPU
		{752FF95A-5603-4328-9930-1759E73C756D}.Release|Any CPU.Build.0 = Release|Any CPU
		{C078B2A1-F0E0-476D-BC6B-AD665B875F54}.Debug|Any CPU.ActiveCfg = Debug|Any CPU
		{C078B2A1-F0E0-476D-BC6B-AD665B875F54}.Debug|Any CPU.Build.0 = Debug|Any CPU
		{C078B2A1-F0E0-476D-BC6B-AD665B875F54}.Release|Any CPU.ActiveCfg = Release|Any CPU
		{C078B2A1-F0E0-476D-BC6B-AD665B875F54}.Release|Any CPU.Build.0 = Release|Any CPU
		{720F9D62-FA23-4AFE-ADE5-3EB831B19FBF}.Debug|Any CPU.ActiveCfg = Debug|Any CPU
		{720F9D62-FA23-4AFE-ADE5-3EB831B19FBF}.Debug|Any CPU.Build.0 = Debug|Any CPU
		{720F9D62-FA23-4AFE-ADE5-3EB831B19FBF}.Release|Any CPU.ActiveCfg = Release|Any CPU
		{720F9D62-FA23-4AFE-ADE5-3EB831B19FBF}.Release|Any CPU.Build.0 = Release|Any CPU
		{A4C42754-763E-441E-A23D-926DEF37CF64}.Debug|Any CPU.ActiveCfg = Debug|Any CPU
		{A4C42754-763E-441E-A23D-926DEF37CF64}.Debug|Any CPU.Build.0 = Debug|Any CPU
		{A4C42754-763E-441E-A23D-926DEF37CF64}.Release|Any CPU.ActiveCfg = Release|Any CPU
		{A4C42754-763E-441E-A23D-926DEF37CF64}.Release|Any CPU.Build.0 = Release|Any CPU
		{80352FC1-7F1C-46F8-A8C8-CD56796C2F1A}.Debug|Any CPU.ActiveCfg = Debug|Any CPU
		{80352FC1-7F1C-46F8-A8C8-CD56796C2F1A}.Debug|Any CPU.Build.0 = Debug|Any CPU
		{80352FC1-7F1C-46F8-A8C8-CD56796C2F1A}.Release|Any CPU.ActiveCfg = Release|Any CPU
		{80352FC1-7F1C-46F8-A8C8-CD56796C2F1A}.Release|Any CPU.Build.0 = Release|Any CPU
		{89F27BFF-5F15-4A3E-AA3D-BE8DB1AF80C8}.Debug|Any CPU.ActiveCfg = Debug|Any CPU
		{89F27BFF-5F15-4A3E-AA3D-BE8DB1AF80C8}.Debug|Any CPU.Build.0 = Debug|Any CPU
		{89F27BFF-5F15-4A3E-AA3D-BE8DB1AF80C8}.Release|Any CPU.ActiveCfg = Release|Any CPU
		{89F27BFF-5F15-4A3E-AA3D-BE8DB1AF80C8}.Release|Any CPU.Build.0 = Release|Any CPU
		{922CA20A-E5FE-49A7-931A-E457599CFE4B}.Debug|Any CPU.ActiveCfg = Debug|Any CPU
		{922CA20A-E5FE-49A7-931A-E457599CFE4B}.Debug|Any CPU.Build.0 = Debug|Any CPU
		{922CA20A-E5FE-49A7-931A-E457599CFE4B}.Release|Any CPU.ActiveCfg = Release|Any CPU
		{922CA20A-E5FE-49A7-931A-E457599CFE4B}.Release|Any CPU.Build.0 = Release|Any CPU
		{C6A842C3-BF07-4EF5-814B-52EA06F0F320}.Debug|Any CPU.ActiveCfg = Debug|Any CPU
		{C6A842C3-BF07-4EF5-814B-52EA06F0F320}.Debug|Any CPU.Build.0 = Debug|Any CPU
		{C6A842C3-BF07-4EF5-814B-52EA06F0F320}.Release|Any CPU.ActiveCfg = Release|Any CPU
		{C6A842C3-BF07-4EF5-814B-52EA06F0F320}.Release|Any CPU.Build.0 = Release|Any CPU
	EndGlobalSection
	GlobalSection(SolutionProperties) = preSolution
		HideSolutionNode = FALSE
	EndGlobalSection
	GlobalSection(ExtensibilityGlobals) = postSolution
		SolutionGuid = {0598BACD-3BED-42F8-8FF7-1B163B853E74}
	EndGlobalSection
EndGlobal
